
Microsoft Visual Studio Solution File, Format Version 12.00
Project("{2150E333-8FDC-42A3-9474-1A3956D46DE8}") = "ADP_Lab02", "ADP_Lab02", "{77D1B0EB-CF19-40E3-AA11-63FE73AA0FC6}"
	ProjectSection(SolutionItems) = preProject
		ADP_Lab02\Calculator.cs = ADP_Lab02\Calculator.cs
		ADP_Lab02\IShape.cs = ADP_Lab02\IShape.cs
		ADP_Lab02\MathOperation.cs = ADP_Lab02\MathOperation.cs
		ADP_Lab02\OrderService.cs = ADP_Lab02\OrderService.cs
		ADP_Lab02\Singleton.cs = ADP_Lab02\Singleton.cs
		ADP_Lab02\Vehicle.cs = ADP_Lab02\Vehicle.cs
	EndProjectSection
EndProject
Global
	GlobalSection(SolutionConfigurationPlatforms) = preSolution
		Debug|Any CPU = Debug|Any CPU
		Release|Any CPU = Release|Any CPU
	EndGlobalSection
	GlobalSection(ProjectConfigurationPlatforms) = postSolution
	EndGlobalSection
EndGlobal
# END update